<?xml version="1.0" encoding="utf-8"?>
<Project ToolsVersion="4.0" xmlns="http://schemas.microsoft.com/developer/msbuild/2003">
  <ItemGroup>
    <Filter Include="源文件">
      <UniqueIdentifier>{4FC737F1-C7A5-4376-A066-2A32D752A2FF}</UniqueIdentifier>
      <Extensions>cpp;c;cc;cxx;def;odl;idl;hpj;bat;asm;asmx</Extensions>
    </Filter>
    <Filter Include="头文件">
      <UniqueIdentifier>{93995380-89BD-4b04-88EB-625FBE52EBFB}</UniqueIdentifier>
      <Extensions>h;hh;hpp;hxx;hm;inl;inc;ipp;xsd</Extensions>
    </Filter>
    <Filter Include="资源文件">
      <UniqueIdentifier>{67DA6AB6-F800-4c08-8B7A-83BB121AAD01}</UniqueIdentifier>
      <Extensions>rc;ico;cur;bmp;dlg;rc2;rct;bin;rgs;gif;jpg;jpeg;jpe;resx;tiff;tif;png;wav;mfcribbon-ms</Extensions>
    </Filter>
    <Filter Include="主选项卡窗口">
      <UniqueIdentifier>{6e7afdf3-c465-4e55-8393-e5d5ab4545b7}</UniqueIdentifier>
    </Filter>
    <Filter Include="中控台窗口">
      <UniqueIdentifier>{fa367c79-02bc-4637-8d5b-fd2ec0105654}</UniqueIdentifier>
    </Filter>
    <Filter Include="主选项卡窗口\%2a买卖页">
      <UniqueIdentifier>{6076a148-6c1c-461d-b2f3-1b34c2dffbb2}</UniqueIdentifier>
    </Filter>
    <Filter Include="主选项卡窗口\%2a买卖页\%2a%2a物品管理页">
      <UniqueIdentifier>{1f42bdb9-fbb3-456a-bbbb-412ec5471f61}</UniqueIdentifier>
    </Filter>
    <Filter Include="主选项卡窗口\%2a挂机页">
      <UniqueIdentifier>{693f5439-d188-47de-8c44-e44edce93bce}</UniqueIdentifier>
    </Filter>
  </ItemGroup>
  <ItemGroup>
    <ClCompile Include="MFC_DLL.cpp">
      <Filter>源文件</Filter>
    </ClCompile>
    <ClCompile Include="stdafx.cpp">
      <Filter>源文件</Filter>
    </ClCompile>
    <ClCompile Include="CPage_BuySell.cpp">
      <Filter>主选项卡窗口\%2a买卖页</Filter>
    </ClCompile>
    <ClCompile Include="CPage_GoodsManage.cpp">
      <Filter>主选项卡窗口\%2a买卖页\%2a%2a物品管理页</Filter>
    </ClCompile>
    <ClCompile Include="CDialogMainTab.cpp">
      <Filter>主选项卡窗口</Filter>
    </ClCompile>
    <ClCompile Include="CDialogCtrlCenter.cpp">
      <Filter>中控台窗口</Filter>
    </ClCompile>
    <ClCompile Include="CPage_GuaJi.cpp">
      <Filter>主选项卡窗口\%2a挂机页</Filter>
    </ClCompile>
  </ItemGroup>
  <ItemGroup>
    <None Include="MFC_DLL.def">
      <Filter>源文件</Filter>
    </None>
    <None Include="res\MFC_DLL.rc2">
      <Filter>资源文件</Filter>
    </None>
  </ItemGroup>
  <ItemGroup>
    <ClInclude Include="stdafx.h">
      <Filter>头文件</Filter>
    </ClInclude>
    <ClInclude Include="targetver.h">
      <Filter>头文件</Filter>
    </ClInclude>
    <ClInclude Include="Resource.h">
      <Filter>头文件</Filter>
    </ClInclude>
    <ClInclude Include="MFC_DLL.h">
      <Filter>头文件</Filter>
    </ClInclude>
    <ClInclude Include="CPage_BuySell.h">
      <Filter>主选项卡窗口\%2a买卖页</Filter>
    </ClInclude>
    <ClInclude Include="CPage_GoodsManage.h">
      <Filter>主选项卡窗口\%2a买卖页\%2a%2a物品管理页</Filter>
    </ClInclude>
    <ClInclude Include="CDialogMainTab.h">
      <Filter>主选项卡窗口</Filter>
    </ClInclude>
    <ClInclude Include="CDialogCtrlCenter.h">
      <Filter>中控台窗口</Filter>
    </ClInclude>
    <ClInclude Include="CPage_GuaJi.h">
      <Filter>主选项卡窗口\%2a挂机页</Filter>
    </ClInclude>
  </ItemGroup>
  <ItemGroup>
    <ResourceCompile Include="MFC_DLL.rc">
      <Filter>资源文件</Filter>
    </ResourceCompile>
  </ItemGroup>
</Project>